{
  "version": 4,
  "terraform_version": "1.6.6",
  "serial": 6,
  "lineage": "42617d2a-04aa-0ab1-3850-efccb9c1bae0",
  "outputs": {
    "lambda_function_name": {
      "value": "sumo-remediation-lambda",
      "type": "string"
    },
    "sns_topic_arn": {
      "value": "arn:aws:sns:us-east-2:303469101774:sumo-remediation-sns-topic",
      "type": "string"
    }
  },
  "resources": [
    {
      "mode": "data",
      "type": "archive_file",
      "name": "lambda_zip",
      "provider": "provider[\"registry.terraform.io/hashicorp/archive\"]",
      "instances": [
        {
          "schema_version": 0,
          "attributes": {
            "exclude_symlink_directories": null,
            "excludes": null,
            "id": "b83cc238d8de4c42cc7c94fd57e52e47ed24924d",
            "output_base64sha256": "GBFAYCvs6zQnXDgKsxAqEbL3X1drjEod5pFyyppK6ac=",
            "output_base64sha512": "uUaltltJebq3LlgfHECOTa2GCi7UalHxv/eGeOwvsLruuDF/Av1bD+4Ib48N7Xsocyen1r9kEmz1wef0JrZaEw==",
            "output_file_mode": null,
            "output_md5": "5c1555849a6806117f1d2b67e06d1d2a",
            "output_path": "./lambda_function.zip",
            "output_sha": "b83cc238d8de4c42cc7c94fd57e52e47ed24924d",
            "output_sha256": "181140602beceb34275c380ab3102a11b2f75f576b8c4a1de69172ca9a4ae9a7",
            "output_sha512": "b946a5b65b4979bab72e581f1c408e4dad860a2ed46a51f1bff78678ec2fb0baeeb8317f02fd5b0fee086f8f0ded7b287327a7d6bf64126cf5c1e7f426b65a13",
            "output_size": 607,
            "source": [],
            "source_content": null,
            "source_content_filename": null,
            "source_dir": "./../lambda_function",
            "source_file": null,
            "type": "zip"
          },
          "sensitive_attributes": []
        }
      ]
    },
    {
      "mode": "data",
      "type": "aws_caller_identity",
      "name": "current",
      "provider": "provider[\"registry.terraform.io/hashicorp/aws\"]",
      "instances": [
        {
          "schema_version": 0,
          "attributes": {
            "account_id": "303469101774",
            "arn": "arn:aws:iam::303469101774:root",
            "id": "303469101774",
            "user_id": "303469101774"
          },
          "sensitive_attributes": []
        }
      ]
    },
    {
      "mode": "managed",
      "type": "aws_iam_role",
      "name": "lambda_role",
      "provider": "provider[\"registry.terraform.io/hashicorp/aws\"]",
      "instances": [
        {
          "schema_version": 0,
          "attributes": {
            "arn": "arn:aws:iam::303469101774:role/sumo-remediation-lambda-role",
            "assume_role_policy": "{\"Statement\":[{\"Action\":\"sts:AssumeRole\",\"Effect\":\"Allow\",\"Principal\":{\"Service\":\"lambda.amazonaws.com\"}}],\"Version\":\"2012-10-17\"}",
            "create_date": "2026-01-28T03:22:21Z",
            "description": "",
            "force_detach_policies": false,
            "id": "sumo-remediation-lambda-role",
            "inline_policy": [],
            "managed_policy_arns": [],
            "max_session_duration": 3600,
            "name": "sumo-remediation-lambda-role",
            "name_prefix": "",
            "path": "/",
            "permissions_boundary": "",
            "tags": {},
            "tags_all": {},
            "unique_id": "AROAUNKBLALHOIMCWUMQV"
          },
          "sensitive_attributes": [],
          "private": "bnVsbA=="
        }
      ]
    },
    {
      "mode": "managed",
      "type": "aws_sns_topic",
      "name": "alerts",
      "provider": "provider[\"registry.terraform.io/hashicorp/aws\"]",
      "instances": [
        {
          "schema_version": 0,
          "attributes": {
            "application_failure_feedback_role_arn": "",
            "application_success_feedback_role_arn": "",
            "application_success_feedback_sample_rate": 0,
            "archive_policy": "",
            "arn": "arn:aws:sns:us-east-2:303469101774:sumo-remediation-sns-topic",
            "beginning_archive_time": "",
            "content_based_deduplication": false,
            "delivery_policy": "",
            "display_name": "",
            "fifo_throughput_scope": "",
            "fifo_topic": false,
            "firehose_failure_feedback_role_arn": "",
            "firehose_success_feedback_role_arn": "",
            "firehose_success_feedback_sample_rate": 0,
            "http_failure_feedback_role_arn": "",
            "http_success_feedback_role_arn": "",
            "http_success_feedback_sample_rate": 0,
            "id": "arn:aws:sns:us-east-2:303469101774:sumo-remediation-sns-topic",
            "kms_master_key_id": "",
            "lambda_failure_feedback_role_arn": "",
            "lambda_success_feedback_role_arn": "",
            "lambda_success_feedback_sample_rate": 0,
            "name": "sumo-remediation-sns-topic",
            "name_prefix": "",
            "owner": "303469101774",
            "policy": "{\"Id\":\"__default_policy_ID\",\"Statement\":[{\"Action\":[\"SNS:GetTopicAttributes\",\"SNS:SetTopicAttributes\",\"SNS:AddPermission\",\"SNS:RemovePermission\",\"SNS:DeleteTopic\",\"SNS:Subscribe\",\"SNS:ListSubscriptionsByTopic\",\"SNS:Publish\"],\"Condition\":{\"StringEquals\":{\"AWS:SourceOwner\":\"303469101774\"}},\"Effect\":\"Allow\",\"Principal\":{\"AWS\":\"*\"},\"Resource\":\"arn:aws:sns:us-east-2:303469101774:sumo-remediation-sns-topic\",\"Sid\":\"__default_statement_ID\"}],\"Version\":\"2008-10-17\"}",
            "region": "us-east-2",
            "signature_version": 0,
            "sqs_failure_feedback_role_arn": "",
            "sqs_success_feedback_role_arn": "",
            "sqs_success_feedback_sample_rate": 0,
            "tags": {},
            "tags_all": {},
            "tracing_config": ""
          },
          "sensitive_attributes": [],
          "private": "bnVsbA=="
        }
      ]
    }
  ],
  "check_results": null
}
